{
  "version": 4,
  "terraform_version": "1.14.5",
  "serial": 47,
  "lineage": "327b0861-8292-a52a-8e75-3e361ba92d82",
  "outputs": {
    "api_endpoint": {
      "value": "https://cekk5tkg97.execute-api.us-west-2.amazonaws.com/prod/messages",
      "type": "string"
    },
    "cloudfront_url": {
      "value": "https://dqjdsddi57tuk.cloudfront.net",
      "type": "string"
    },
    "dynamodb_table": {
      "value": "dhruv-iac-project-messages",
      "type": "string"
    },
    "website_bucket": {
      "value": "dhruv-iac-project-website-c8c73a7f",
      "type": "string"
    }
  },
  "resources": [
    {
      "module": "module.api",
      "mode": "data",
      "type": "archive_file",
      "name": "get_message_zip",
      "provider": "provider[\"registry.terraform.io/hashicorp/archive\"]",
      "instances": [
        {
          "schema_version": 0,
          "attributes": {
            "exclude_symlink_directories": null,
            "excludes": null,
            "id": "2f5544826f9ba8ae238972cbd99ef6df62c2e0b4",
            "output_base64sha256": "L768Cst3MnOrjdeVHq0vnLII/aWkvww7A6EUfx7WIwU=",
            "output_base64sha512": "Je9ZRyk6hALSNxGb2z/lRCF5vO4iWXYViDd8njqJRsFroWhYN7WLpZ6i+tsclcSIiE5ia4qnOXhohJcY86jUbQ==",
            "output_file_mode": null,
            "output_md5": "7c4d332ab593a728af83261df0c39874",
            "output_path": "./lambda/getMessage.zip",
            "output_sha": "2f5544826f9ba8ae238972cbd99ef6df62c2e0b4",
            "output_sha256": "2fbebc0acb773273ab8dd7951ead2f9cb208fda5a4bf0c3b03a1147f1ed62305",
            "output_sha512": "25ef5947293a8402d237119bdb3fe5442179bcee2259761588377c9e3a8946c16ba1685837b58ba59ea2fadb1c95c488884e626b8aa7397868849718f3a8d46d",
            "output_size": 780,
            "source": [],
            "source_content": null,
            "source_content_filename": null,
            "source_dir": "./lambda/getMessage",
            "source_file": null,
            "type": "zip"
          },
          "sensitive_attributes": [],
          "identity_schema_version": 0
        }
      ]
    },
    {
      "module": "module.api",
      "mode": "data",
      "type": "archive_file",
      "name": "post_message_zip",
      "provider": "provider[\"registry.terraform.io/hashicorp/archive\"]",
      "instances": [
        {
          "schema_version": 0,
          "attributes": {
            "exclude_symlink_directories": null,
            "excludes": null,
            "id": "08cda2480363c0d8d63ba46dd1d6d133c2dcad98",
            "output_base64sha256": "39YjHKMFDLygt4UMOhsyVmfhNRlkGlkAudVs/rxPb/0=",
            "output_base64sha512": "C19axlxrkBNUlbQbpIIFj5jCLzkU0oNtTbU2r0CGOoNxP51hDKEIvPU0mjKtIjGsNT4AyCIodoy4o14hoYTZVQ==",
            "output_file_mode": null,
            "output_md5": "e6cccc0aa5040f92e522ca5acdd381d0",
            "output_path": "./lambda/postMessage.zip",
            "output_sha": "08cda2480363c0d8d63ba46dd1d6d133c2dcad98",
            "output_sha256": "dfd6231ca3050cbca0b7850c3a1b325667e13519641a5900b9d56cfebc4f6ffd",
            "output_sha512": "0b5f5ac65c6b90135495b41ba482058f98c22f3914d2836d4db536af40863a83713f9d610ca108bcf5349a32ad2231ac353e00c82228768cb8a35e21a184d955",
            "output_size": 907,
            "source": [],
            "source_content": null,
            "source_content_filename": null,
            "source_dir": "./lambda/postMessage",
            "source_file": null,
            "type": "zip"
          },
          "sensitive_attributes": [],
          "identity_schema_version": 0
        }
      ]
    },
    {
      "module": "module.api",
      "mode": "managed",
      "type": "aws_api_gateway_deployment",
      "name": "messages_deployment",
      "provider": "provider[\"registry.terraform.io/hashicorp/aws\"]",
      "instances": [
        {
          "schema_version": 0,
          "attributes": {
            "canary_settings": [],
            "created_date": "2026-02-23T07:13:06Z",
            "description": "",
            "execution_arn": "arn:aws:execute-api:us-west-2:743298171118:cekk5tkg97/",
            "id": "hf3cpe",
            "invoke_url": "https://cekk5tkg97.execute-api.us-west-2.amazonaws.com/",
            "rest_api_id": "cekk5tkg97",
            "stage_description": null,
            "stage_name": null,
            "triggers": null,
            "variables": null
          },
          "sensitive_attributes": [],
          "identity_schema_version": 0,
          "private": "bnVsbA==",
          "dependencies": [
            "module.api.aws_api_gateway_integration.get_lambda",
            "module.api.aws_api_gateway_integration.options_mock",
            "module.api.aws_api_gateway_integration.post_lambda",
            "module.api.aws_api_gateway_method.get_messages",
            "module.api.aws_api_gateway_method.options_messages",
            "module.api.aws_api_gateway_method.post_message",
            "module.api.aws_api_gateway_resource.messages",
            "module.api.aws_api_gateway_rest_api.messages_api",
            "module.api.aws_iam_role.lambda_role",
            "module.api.aws_lambda_function.get_message",
            "module.api.aws_lambda_function.post_message",
            "module.api.data.archive_file.get_message_zip",
            "module.api.data.archive_file.post_message_zip",
            "module.database.aws_dynamodb_table.messages"
          ],
          "create_before_destroy": true
        }
      ]
    },
    {
      "module": "module.api",
      "mode": "managed",
      "type": "aws_api_gateway_integration",
      "name": "get_lambda",
      "provider": "provider[\"registry.terraform.io/hashicorp/aws\"]",
      "instances": [
        {
          "schema_version": 0,
          "attributes": {
            "cache_key_parameters": [],
            "cache_namespace": "sprd8s",
            "connection_id": "",
            "connection_type": "INTERNET",
            "content_handling": "",
            "credentials": "",
            "http_method": "GET",
            "id": "agi-cekk5tkg97-sprd8s-GET",
            "integration_http_method": "POST",
            "passthrough_behavior": "WHEN_NO_MATCH",
            "request_parameters": {},
            "request_templates": {},
            "resource_id": "sprd8s",
            "rest_api_id": "cekk5tkg97",
            "timeout_milliseconds": 29000,
            "tls_config": [],
            "type": "AWS_PROXY",
            "uri": "arn:aws:apigateway:us-west-2:lambda:path/2015-03-31/functions/arn:aws:lambda:us-west-2:743298171118:function:dhruv-iac-project-getMessage/invocations"
          },
          "sensitive_attributes": [],
          "identity_schema_version": 0,
          "private": "bnVsbA==",
          "dependencies": [
            "module.api.aws_api_gateway_method.get_messages",
            "module.api.aws_api_gateway_resource.messages",
            "module.api.aws_api_gateway_rest_api.messages_api",
            "module.api.aws_iam_role.lambda_role",
            "module.api.aws_lambda_function.get_message",
            "module.api.data.archive_file.get_message_zip",
            "module.database.aws_dynamodb_table.messages"
          ],
          "create_before_destroy": true
        }
      ]
    },
    {
      "module": "module.api",
      "mode": "managed",
      "type": "aws_api_gateway_integration",
      "name": "options_mock",
      "provider": "provider[\"registry.terraform.io/hashicorp/aws\"]",
      "instances": [
        {
          "schema_version": 0,
          "attributes": {
            "cache_key_parameters": [],
            "cache_namespace": "sprd8s",
            "connection_id": "",
            "connection_type": "INTERNET",
            "content_handling": "",
            "credentials": "",
            "http_method": "OPTIONS",
            "id": "agi-cekk5tkg97-sprd8s-OPTIONS",
            "integration_http_method": "",
            "passthrough_behavior": "WHEN_NO_MATCH",
            "request_parameters": {},
            "request_templates": {
              "application/json": "{\"statusCode\": 200}"
            },
            "resource_id": "sprd8s",
            "rest_api_id": "cekk5tkg97",
            "timeout_milliseconds": 29000,
            "tls_config": [],
            "type": "MOCK",
            "uri": ""
          },
          "sensitive_attributes": [],
          "identity_schema_version": 0,
          "private": "bnVsbA==",
          "dependencies": [
            "module.api.aws_api_gateway_method.options_messages",
            "module.api.aws_api_gateway_resource.messages",
            "module.api.aws_api_gateway_rest_api.messages_api"
          ],
          "create_before_destroy": true
        }
      ]
    },
    {
      "module": "module.api",
      "mode": "managed",
      "type": "aws_api_gateway_integration",
      "name": "post_lambda",
      "provider": "provider[\"registry.terraform.io/hashicorp/aws\"]",
      "instances": [
        {
          "schema_version": 0,
          "attributes": {
            "cache_key_parameters": [],
            "cache_namespace": "sprd8s",
            "connection_id": "",
            "connection_type": "INTERNET",
            "content_handling": "",
            "credentials": "",
            "http_method": "POST",
            "id": "agi-cekk5tkg97-sprd8s-POST",
            "integration_http_method": "POST",
            "passthrough_behavior": "WHEN_NO_MATCH",
            "request_parameters": {},
            "request_templates": {},
            "resource_id": "sprd8s",
            "rest_api_id": "cekk5tkg97",
            "timeout_milliseconds": 29000,
            "tls_config": [],
            "type": "AWS_PROXY",
            "uri": "arn:aws:apigateway:us-west-2:lambda:path/2015-03-31/functions/arn:aws:lambda:us-west-2:743298171118:function:dhruv-iac-project-postMessage/invocations"
          },
          "sensitive_attributes": [],
          "identity_schema_version": 0,
          "private": "bnVsbA==",
          "dependencies": [
            "module.api.aws_api_gateway_method.post_message",
            "module.api.aws_api_gateway_resource.messages",
            "module.api.aws_api_gateway_rest_api.messages_api",
            "module.api.aws_iam_role.lambda_role",
            "module.api.aws_lambda_function.post_message",
            "module.api.data.archive_file.post_message_zip",
            "module.database.aws_dynamodb_table.messages"
          ],
          "create_before_destroy": true
        }
      ]
    },
    {
      "module": "module.api",
      "mode": "managed",
      "type": "aws_api_gateway_integration_response",
      "name": "options_integration_response",
      "provider": "provider[\"registry.terraform.io/hashicorp/aws\"]",
      "instances": [
        {
          "schema_version": 0,
          "attributes": {
            "content_handling": "",
            "http_method": "OPTIONS",
            "id": "agir-cekk5tkg97-sprd8s-OPTIONS-200",
            "resource_id": "sprd8s",
            "response_parameters": {
              "method.response.header.Access-Control-Allow-Headers": "'Content-Type,X-Amz-Date,Authorization,X-Api-Key'",
              "method.response.header.Access-Control-Allow-Methods": "'GET,POST,OPTIONS'",
              "method.response.header.Access-Control-Allow-Origin": "'*'"
            },
            "response_templates": {},
            "rest_api_id": "cekk5tkg97",
            "selection_pattern": "",
            "status_code": "200"
          },
          "sensitive_attributes": [],
          "identity_schema_version": 0,
          "private": "bnVsbA==",
          "dependencies": [
            "module.api.aws_api_gateway_method.options_messages",
            "module.api.aws_api_gateway_method_response.options_200",
            "module.api.aws_api_gateway_resource.messages",
            "module.api.aws_api_gateway_rest_api.messages_api"
          ]
        }
      ]
    },
    {
      "module": "module.api",
      "mode": "managed",
      "type": "aws_api_gateway_method",
      "name": "get_messages",
      "provider": "provider[\"registry.terraform.io/hashicorp/aws\"]",
      "instances": [
        {
          "schema_version": 0,
          "attributes": {
            "api_key_required": false,
            "authorization": "NONE",
            "authorization_scopes": [],
            "authorizer_id": "",
            "http_method": "GET",
            "id": "agm-cekk5tkg97-sprd8s-GET",
            "operation_name": "",
            "request_models": {},
            "request_parameters": {},
            "request_validator_id": "",
            "resource_id": "sprd8s",
            "rest_api_id": "cekk5tkg97"
          },
          "sensitive_attributes": [],
          "identity_schema_version": 0,
          "private": "bnVsbA==",
          "dependencies": [
            "module.api.aws_api_gateway_resource.messages",
            "module.api.aws_api_gateway_rest_api.messages_api"
          ],
          "create_before_destroy": true
        }
      ]
    },
    {
      "module": "module.api",
      "mode": "managed",
      "type": "aws_api_gateway_method",
      "name": "options_messages",
      "provider": "provider[\"registry.terraform.io/hashicorp/aws\"]",
      "instances": [
        {
          "schema_version": 0,
          "attributes": {
            "api_key_required": false,
            "authorization": "NONE",
            "authorization_scopes": [],
            "authorizer_id": "",
            "http_method": "OPTIONS",
            "id": "agm-cekk5tkg97-sprd8s-OPTIONS",
            "operation_name": "",
            "request_models": {},
            "request_parameters": {},
            "request_validator_id": "",
            "resource_id": "sprd8s",
            "rest_api_id": "cekk5tkg97"
          },
          "sensitive_attributes": [],
          "identity_schema_version": 0,
          "private": "bnVsbA==",
          "dependencies": [
            "module.api.aws_api_gateway_resource.messages",
            "module.api.aws_api_gateway_rest_api.messages_api"
          ],
          "create_before_destroy": true
        }
      ]
    },
    {
      "module": "module.api",
      "mode": "managed",
      "type": "aws_api_gateway_method",
      "name": "post_message",
      "provider": "provider[\"registry.terraform.io/hashicorp/aws\"]",
      "instances": [
        {
          "schema_version": 0,
          "attributes": {
            "api_key_required": false,
            "authorization": "NONE",
            "authorization_scopes": [],
            "authorizer_id": "",
            "http_method": "POST",
            "id": "agm-cekk5tkg97-sprd8s-POST",
            "operation_name": "",
            "request_models": {},
            "request_parameters": {},
            "request_validator_id": "",
            "resource_id": "sprd8s",
            "rest_api_id": "cekk5tkg97"
          },
          "sensitive_attributes": [],
          "identity_schema_version": 0,
          "private": "bnVsbA==",
          "dependencies": [
            "module.api.aws_api_gateway_resource.messages",
            "module.api.aws_api_gateway_rest_api.messages_api"
          ],
          "create_before_destroy": true
        }
      ]
    },
    {
      "module": "module.api",
      "mode": "managed",
      "type": "aws_api_gateway_method_response",
      "name": "options_200",
      "provider": "provider[\"registry.terraform.io/hashicorp/aws\"]",
      "instances": [
        {
          "schema_version": 0,
          "attributes": {
            "http_method": "OPTIONS",
            "id": "agmr-cekk5tkg97-sprd8s-OPTIONS-200",
            "resource_id": "sprd8s",
            "response_models": {},
            "response_parameters": {
              "method.response.header.Access-Control-Allow-Headers": true,
              "method.response.header.Access-Control-Allow-Methods": true,
              "method.response.header.Access-Control-Allow-Origin": true
            },
            "rest_api_id": "cekk5tkg97",
            "status_code": "200"
          },
          "sensitive_attributes": [],
          "identity_schema_version": 0,
          "private": "bnVsbA==",
          "dependencies": [
            "module.api.aws_api_gateway_method.options_messages",
            "module.api.aws_api_gateway_resource.messages",
            "module.api.aws_api_gateway_rest_api.messages_api"
          ]
        }
      ]
    },
    {
      "module": "module.api",
      "mode": "managed",
      "type": "aws_api_gateway_resource",
      "name": "messages",
      "provider": "provider[\"registry.terraform.io/hashicorp/aws\"]",
      "instances": [
        {
          "schema_version": 0,
          "attributes": {
            "id": "sprd8s",
            "parent_id": "5cv2kymynd",
            "path": "/messages",
            "path_part": "messages",
            "rest_api_id": "cekk5tkg97"
          },
          "sensitive_attributes": [],
          "identity_schema_version": 0,
          "private": "bnVsbA==",
          "dependencies": [
            "module.api.aws_api_gateway_rest_api.messages_api"
          ],
          "create_before_destroy": true
        }
      ]
    },
    {
      "module": "module.api",
      "mode": "managed",
      "type": "aws_api_gateway_rest_api",
      "name": "messages_api",
      "provider": "provider[\"registry.terraform.io/hashicorp/aws\"]",
      "instances": [
        {
          "schema_version": 0,
          "attributes": {
            "api_key_source": "HEADER",
            "arn": "arn:aws:apigateway:us-west-2::/restapis/cekk5tkg97",
            "binary_media_types": [],
            "body": null,
            "created_date": "2026-02-23T07:08:14Z",
            "description": "Serverless Messages API",
            "disable_execute_api_endpoint": false,
            "endpoint_configuration": [
              {
                "ip_address_type": "ipv4",
                "types": [
                  "EDGE"
                ],
                "vpc_endpoint_ids": []
              }
            ],
            "execution_arn": "arn:aws:execute-api:us-west-2:743298171118:cekk5tkg97",
            "fail_on_warnings": null,
            "id": "cekk5tkg97",
            "minimum_compression_size": "",
            "name": "dhruv-iac-project-api",
            "parameters": null,
            "policy": "",
            "put_rest_api_mode": null,
            "root_resource_id": "5cv2kymynd",
            "tags": {
              "CreatedBy": "Dhruv Bansal",
              "Environment": "prod",
              "ManagedBy": "Terraform",
              "Purpose": "KDU-2026"
            },
            "tags_all": {
              "CreatedBy": "Dhruv Bansal",
              "Environment": "prod",
              "ManagedBy": "Terraform",
              "Purpose": "KDU-2026"
            }
          },
          "sensitive_attributes": [],
          "identity_schema_version": 0,
          "private": "bnVsbA==",
          "create_before_destroy": true
        }
      ]
    },
    {
      "module": "module.api",
      "mode": "managed",
      "type": "aws_api_gateway_stage",
      "name": "prod",
      "provider": "provider[\"registry.terraform.io/hashicorp/aws\"]",
      "instances": [
        {
          "schema_version": 0,
          "attributes": {
            "access_log_settings": [],
            "arn": "arn:aws:apigateway:us-west-2::/restapis/cekk5tkg97/stages/prod",
            "cache_cluster_enabled": false,
            "cache_cluster_size": "",
            "canary_settings": [],
            "client_certificate_id": "",
            "deployment_id": "hf3cpe",
            "description": "",
            "documentation_version": "",
            "execution_arn": "arn:aws:execute-api:us-west-2:743298171118:cekk5tkg97/prod",
            "id": "ags-cekk5tkg97-prod",
            "invoke_url": "https://cekk5tkg97.execute-api.us-west-2.amazonaws.com/prod",
            "rest_api_id": "cekk5tkg97",
            "stage_name": "prod",
            "tags": {
              "CreatedBy": "Dhruv Bansal",
              "Environment": "prod",
              "ManagedBy": "Terraform",
              "Purpose": "KDU-2026"
            },
            "tags_all": {
              "CreatedBy": "Dhruv Bansal",
              "Environment": "prod",
              "ManagedBy": "Terraform",
              "Purpose": "KDU-2026"
            },
            "variables": {},
            "web_acl_arn": "",
            "xray_tracing_enabled": false
          },
          "sensitive_attributes": [],
          "identity_schema_version": 0,
          "private": "bnVsbA==",
          "dependencies": [
            "module.api.aws_api_gateway_deployment.messages_deployment",
            "module.api.aws_api_gateway_integration.get_lambda",
            "module.api.aws_api_gateway_integration.options_mock",
            "module.api.aws_api_gateway_integration.post_lambda",
            "module.api.aws_api_gateway_method.get_messages",
            "module.api.aws_api_gateway_method.options_messages",
            "module.api.aws_api_gateway_method.post_message",
            "module.api.aws_api_gateway_resource.messages",
            "module.api.aws_api_gateway_rest_api.messages_api",
            "module.api.aws_iam_role.lambda_role",
            "module.api.aws_lambda_function.get_message",
            "module.api.aws_lambda_function.post_message",
            "module.api.data.archive_file.get_message_zip",
            "module.api.data.archive_file.post_message_zip",
            "module.database.aws_dynamodb_table.messages"
          ]
        }
      ]
    },
    {
      "module": "module.api",
      "mode": "managed",
      "type": "aws_cloudwatch_log_group",
      "name": "post_message_logs",
      "provider": "provider[\"registry.terraform.io/hashicorp/aws\"]",
      "instances": [
        {
          "status": "tainted",
          "schema_version": 0,
          "attributes": {
            "arn": null,
            "id": "/aws/lambda/dhruv-iac-project-postMessage",
            "kms_key_id": null,
            "log_group_class": null,
            "name": "/aws/lambda/dhruv-iac-project-postMessage",
            "name_prefix": null,
            "retention_in_days": 7,
            "skip_destroy": false,
            "tags": null,
            "tags_all": null
          },
          "sensitive_attributes": [],
          "identity_schema_version": 0,
          "private": "bnVsbA==",
          "dependencies": [
            "module.api.aws_iam_role.lambda_role",
            "module.api.aws_lambda_function.post_message",
            "module.api.data.archive_file.post_message_zip",
            "module.database.aws_dynamodb_table.messages"
          ]
        }
      ]
    },
    {
      "module": "module.api",
      "mode": "managed",
      "type": "aws_iam_role",
      "name": "lambda_role",
      "provider": "provider[\"registry.terraform.io/hashicorp/aws\"]",
      "instances": [
        {
          "schema_version": 0,
          "attributes": {
            "arn": "arn:aws:iam::743298171118:role/dhruv-iac-project-lambda-role",
            "assume_role_policy": "{\"Statement\":[{\"Action\":\"sts:AssumeRole\",\"Effect\":\"Allow\",\"Principal\":{\"Service\":\"lambda.amazonaws.com\"}}],\"Version\":\"2012-10-17\"}",
            "create_date": "2026-02-23T07:08:23Z",
            "description": "",
            "force_detach_policies": false,
            "id": "dhruv-iac-project-lambda-role",
            "inline_policy": [
              {
                "name": "dhruv-iac-project-lambda-dynamodb-policy",
                "policy": "{\"Version\":\"2012-10-17\",\"Statement\":[{\"Action\":[\"dynamodb:GetItem\",\"dynamodb:PutItem\",\"dynamodb:Scan\",\"dynamodb:Query\"],\"Effect\":\"Allow\",\"Resource\":\"arn:aws:dynamodb:us-west-2:743298171118:table/dhruv-iac-project-messages\"},{\"Action\":[\"logs:CreateLogGroup\",\"logs:CreateLogStream\",\"logs:PutLogEvents\"],\"Effect\":\"Allow\",\"Resource\":\"arn:aws:logs:*:*:*\"}]}"
              }
            ],
            "managed_policy_arns": [],
            "max_session_duration": 3600,
            "name": "dhruv-iac-project-lambda-role",
            "name_prefix": "",
            "path": "/",
            "permissions_boundary": "",
            "tags": {
              "CreatedBy": "Dhruv Bansal",
              "Environment": "prod",
              "ManagedBy": "Terraform",
              "Purpose": "KDU-2026"
            },
            "tags_all": {
              "CreatedBy": "Dhruv Bansal",
              "Environment": "prod",
              "ManagedBy": "Terraform",
              "Purpose": "KDU-2026"
            },
            "unique_id": "AROA22EAGADXCZYRQCDU7"
          },
          "sensitive_attributes": [],
          "identity_schema_version": 0,
          "private": "bnVsbA==",
          "create_before_destroy": true
        }
      ]
    },
    {
      "module": "module.api",
      "mode": "managed",
      "type": "aws_iam_role_policy",
      "name": "lambda_dynamodb",
      "provider": "provider[\"registry.terraform.io/hashicorp/aws\"]",
      "instances": [
        {
          "schema_version": 0,
          "attributes": {
            "id": "dhruv-iac-project-lambda-role:dhruv-iac-project-lambda-dynamodb-policy",
            "name": "dhruv-iac-project-lambda-dynamodb-policy",
            "name_prefix": "",
            "policy": "{\"Version\":\"2012-10-17\",\"Statement\":[{\"Action\":[\"dynamodb:GetItem\",\"dynamodb:PutItem\",\"dynamodb:Scan\",\"dynamodb:Query\"],\"Effect\":\"Allow\",\"Resource\":\"arn:aws:dynamodb:us-west-2:743298171118:table/dhruv-iac-project-messages\"},{\"Action\":[\"logs:CreateLogGroup\",\"logs:CreateLogStream\",\"logs:PutLogEvents\"],\"Effect\":\"Allow\",\"Resource\":\"arn:aws:logs:*:*:*\"}]}",
            "role": "dhruv-iac-project-lambda-role"
          },
          "sensitive_attributes": [],
          "identity_schema_version": 0,
          "private": "bnVsbA==",
          "dependencies": [
            "module.api.aws_iam_role.lambda_role",
            "module.database.aws_dynamodb_table.messages"
          ]
        }
      ]
    },
    {
      "module": "module.api",
      "mode": "managed",
      "type": "aws_lambda_function",
      "name": "get_message",
      "provider": "provider[\"registry.terraform.io/hashicorp/aws\"]",
      "instances": [
        {
          "schema_version": 0,
          "attributes": {
            "architectures": [
              "x86_64"
            ],
            "arn": "arn:aws:lambda:us-west-2:743298171118:function:dhruv-iac-project-getMessage",
            "code_sha256": "L768Cst3MnOrjdeVHq0vnLII/aWkvww7A6EUfx7WIwU=",
            "code_signing_config_arn": "",
            "dead_letter_config": [],
            "description": "",
            "environment": [
              {
                "variables": {
                  "AWS_REGION_NAME": "us-west-2",
                  "DYNAMODB_TABLE": "dhruv-iac-project-messages"
                }
              }
            ],
            "ephemeral_storage": [
              {
                "size": 512
              }
            ],
            "file_system_config": [],
            "filename": "./lambda/getMessage.zip",
            "function_name": "dhruv-iac-project-getMessage",
            "handler": "index.handler",
            "id": "dhruv-iac-project-getMessage",
            "image_config": [],
            "image_uri": "",
            "invoke_arn": "arn:aws:apigateway:us-west-2:lambda:path/2015-03-31/functions/arn:aws:lambda:us-west-2:743298171118:function:dhruv-iac-project-getMessage/invocations",
            "kms_key_arn": "",
            "last_modified": "2026-02-23T07:09:43.808+0000",
            "layers": [],
            "logging_config": [
              {
                "application_log_level": "",
                "log_format": "Text",
                "log_group": "/aws/lambda/dhruv-iac-project-getMessage",
                "system_log_level": ""
              }
            ],
            "memory_size": 128,
            "package_type": "Zip",
            "publish": false,
            "qualified_arn": "arn:aws:lambda:us-west-2:743298171118:function:dhruv-iac-project-getMessage:$LATEST",
            "qualified_invoke_arn": "arn:aws:apigateway:us-west-2:lambda:path/2015-03-31/functions/arn:aws:lambda:us-west-2:743298171118:function:dhruv-iac-project-getMessage:$LATEST/invocations",
            "replace_security_groups_on_destroy": null,
            "replacement_security_group_ids": null,
            "reserved_concurrent_executions": -1,
            "role": "arn:aws:iam::743298171118:role/dhruv-iac-project-lambda-role",
            "runtime": "nodejs20.x",
            "s3_bucket": null,
            "s3_key": null,
            "s3_object_version": null,
            "signing_job_arn": "",
            "signing_profile_version_arn": "",
            "skip_destroy": false,
            "snap_start": [],
            "source_code_hash": "L768Cst3MnOrjdeVHq0vnLII/aWkvww7A6EUfx7WIwU=",
            "source_code_size": 780,
            "tags": {
              "CreatedBy": "Dhruv Bansal",
              "Environment": "prod",
              "ManagedBy": "Terraform",
              "Name": "dhruv-iac-project-getMessage",
              "Purpose": "KDU-2026"
            },
            "tags_all": {
              "CreatedBy": "Dhruv Bansal",
              "Environment": "prod",
              "ManagedBy": "Terraform",
              "Name": "dhruv-iac-project-getMessage",
              "Purpose": "KDU-2026"
            },
            "timeout": 10,
            "timeouts": null,
            "tracing_config": [
              {
                "mode": "PassThrough"
              }
            ],
            "version": "$LATEST",
            "vpc_config": []
          },
          "sensitive_attributes": [],
          "identity_schema_version": 0,
          "private": "eyJlMmJmYjczMC1lY2FhLTExZTYtOGY4OC0zNDM2M2JjN2M0YzAiOnsiY3JlYXRlIjo2MDAwMDAwMDAwMDAsImRlbGV0ZSI6NjAwMDAwMDAwMDAwLCJ1cGRhdGUiOjYwMDAwMDAwMDAwMH19",
          "dependencies": [
            "module.api.aws_iam_role.lambda_role",
            "module.api.data.archive_file.get_message_zip",
            "module.database.aws_dynamodb_table.messages"
          ],
          "create_before_destroy": true
        }
      ]
    },
    {
      "module": "module.api",
      "mode": "managed",
      "type": "aws_lambda_function",
      "name": "post_message",
      "provider": "provider[\"registry.terraform.io/hashicorp/aws\"]",
      "instances": [
        {
          "schema_version": 0,
          "attributes": {
            "architectures": [
              "x86_64"
            ],
            "arn": "arn:aws:lambda:us-west-2:743298171118:function:dhruv-iac-project-postMessage",
            "code_sha256": "39YjHKMFDLygt4UMOhsyVmfhNRlkGlkAudVs/rxPb/0=",
            "code_signing_config_arn": "",
            "dead_letter_config": [],
            "description": "",
            "environment": [
              {
                "variables": {
                  "AWS_REGION_NAME": "us-west-2",
                  "DYNAMODB_TABLE": "dhruv-iac-project-messages"
                }
              }
            ],
            "ephemeral_storage": [
              {
                "size": 512
              }
            ],
            "file_system_config": [],
            "filename": "./lambda/postMessage.zip",
            "function_name": "dhruv-iac-project-postMessage",
            "handler": "index.handler",
            "id": "dhruv-iac-project-postMessage",
            "image_config": [],
            "image_uri": "",
            "invoke_arn": "arn:aws:apigateway:us-west-2:lambda:path/2015-03-31/functions/arn:aws:lambda:us-west-2:743298171118:function:dhruv-iac-project-postMessage/invocations",
            "kms_key_arn": "",
            "last_modified": "2026-02-23T07:08:49.908+0000",
            "layers": [],
            "logging_config": [
              {
                "application_log_level": "",
                "log_format": "Text",
                "log_group": "/aws/lambda/dhruv-iac-project-postMessage",
                "system_log_level": ""
              }
            ],
            "memory_size": 128,
            "package_type": "Zip",
            "publish": false,
            "qualified_arn": "arn:aws:lambda:us-west-2:743298171118:function:dhruv-iac-project-postMessage:$LATEST",
            "qualified_invoke_arn": "arn:aws:apigateway:us-west-2:lambda:path/2015-03-31/functions/arn:aws:lambda:us-west-2:743298171118:function:dhruv-iac-project-postMessage:$LATEST/invocations",
            "replace_security_groups_on_destroy": null,
            "replacement_security_group_ids": null,
            "reserved_concurrent_executions": -1,
            "role": "arn:aws:iam::743298171118:role/dhruv-iac-project-lambda-role",
            "runtime": "nodejs20.x",
            "s3_bucket": null,
            "s3_key": null,
            "s3_object_version": null,
            "signing_job_arn": "",
            "signing_profile_version_arn": "",
            "skip_destroy": false,
            "snap_start": [],
            "source_code_hash": "39YjHKMFDLygt4UMOhsyVmfhNRlkGlkAudVs/rxPb/0=",
            "source_code_size": 907,
            "tags": {
              "CreatedBy": "Dhruv Bansal",
              "Environment": "prod",
              "ManagedBy": "Terraform",
              "Name": "dhruv-iac-project-postMessage",
              "Purpose": "KDU-2026"
            },
            "tags_all": {
              "CreatedBy": "Dhruv Bansal",
              "Environment": "prod",
              "ManagedBy": "Terraform",
              "Name": "dhruv-iac-project-postMessage",
              "Purpose": "KDU-2026"
            },
            "timeout": 10,
            "timeouts": null,
            "tracing_config": [
              {
                "mode": "PassThrough"
              }
            ],
            "version": "$LATEST",
            "vpc_config": []
          },
          "sensitive_attributes": [],
          "identity_schema_version": 0,
          "private": "eyJlMmJmYjczMC1lY2FhLTExZTYtOGY4OC0zNDM2M2JjN2M0YzAiOnsiY3JlYXRlIjo2MDAwMDAwMDAwMDAsImRlbGV0ZSI6NjAwMDAwMDAwMDAwLCJ1cGRhdGUiOjYwMDAwMDAwMDAwMH19",
          "dependencies": [
            "module.api.aws_iam_role.lambda_role",
            "module.api.data.archive_file.post_message_zip",
            "module.database.aws_dynamodb_table.messages"
          ],
          "create_before_destroy": true
        }
      ]
    },
    {
      "module": "module.api",
      "mode": "managed",
      "type": "aws_lambda_permission",
      "name": "get_api_gw",
      "provider": "provider[\"registry.terraform.io/hashicorp/aws\"]",
      "instances": [
        {
          "schema_version": 0,
          "attributes": {
            "action": "lambda:InvokeFunction",
            "event_source_token": null,
            "function_name": "dhruv-iac-project-getMessage",
            "function_url_auth_type": null,
            "id": "AllowAPIGatewayInvokeGet",
            "principal": "apigateway.amazonaws.com",
            "principal_org_id": null,
            "qualifier": "",
            "source_account": null,
            "source_arn": "arn:aws:execute-api:us-west-2:743298171118:cekk5tkg97/*/*",
            "statement_id": "AllowAPIGatewayInvokeGet",
            "statement_id_prefix": ""
          },
          "sensitive_attributes": [],
          "identity_schema_version": 0,
          "private": "bnVsbA==",
          "dependencies": [
            "module.api.aws_api_gateway_rest_api.messages_api",
            "module.api.aws_iam_role.lambda_role",
            "module.api.aws_lambda_function.get_message",
            "module.api.data.archive_file.get_message_zip",
            "module.database.aws_dynamodb_table.messages"
          ]
        }
      ]
    },
    {
      "module": "module.api",
      "mode": "managed",
      "type": "aws_lambda_permission",
      "name": "post_api_gw",
      "provider": "provider[\"registry.terraform.io/hashicorp/aws\"]",
      "instances": [
        {
          "schema_version": 0,
          "attributes": {
            "action": "lambda:InvokeFunction",
            "event_source_token": null,
            "function_name": "dhruv-iac-project-postMessage",
            "function_url_auth_type": null,
            "id": "AllowAPIGatewayInvokePost",
            "principal": "apigateway.amazonaws.com",
            "principal_org_id": null,
            "qualifier": "",
            "source_account": null,
            "source_arn": "arn:aws:execute-api:us-west-2:743298171118:cekk5tkg97/*/*",
            "statement_id": "AllowAPIGatewayInvokePost",
            "statement_id_prefix": ""
          },
          "sensitive_attributes": [],
          "identity_schema_version": 0,
          "private": "bnVsbA==",
          "dependencies": [
            "module.api.aws_api_gateway_rest_api.messages_api",
            "module.api.aws_iam_role.lambda_role",
            "module.api.aws_lambda_function.post_message",
            "module.api.data.archive_file.post_message_zip",
            "module.database.aws_dynamodb_table.messages"
          ]
        }
      ]
    },
    {
      "module": "module.database",
      "mode": "managed",
      "type": "aws_dynamodb_table",
      "name": "messages",
      "provider": "provider[\"registry.terraform.io/hashicorp/aws\"]",
      "instances": [
        {
          "schema_version": 1,
          "attributes": {
            "arn": "arn:aws:dynamodb:us-west-2:743298171118:table/dhruv-iac-project-messages",
            "attribute": [
              {
                "name": "messageId",
                "type": "S"
              },
              {
                "name": "timestamp",
                "type": "S"
              }
            ],
            "billing_mode": "PAY_PER_REQUEST",
            "deletion_protection_enabled": false,
            "global_secondary_index": [],
            "hash_key": "messageId",
            "id": "dhruv-iac-project-messages",
            "import_table": [],
            "local_secondary_index": [],
            "name": "dhruv-iac-project-messages",
            "on_demand_throughput": [],
            "point_in_time_recovery": [
              {
                "enabled": false,
                "recovery_period_in_days": 0
              }
            ],
            "range_key": "timestamp",
            "read_capacity": 0,
            "replica": [],
            "restore_date_time": null,
            "restore_source_name": null,
            "restore_source_table_arn": null,
            "restore_to_latest_time": null,
            "server_side_encryption": [
              {
                "enabled": true,
                "kms_key_arn": ""
              }
            ],
            "stream_arn": "",
            "stream_enabled": false,
            "stream_label": "",
            "stream_view_type": "",
            "table_class": "STANDARD",
            "tags": {
              "CreatedBy": "Dhruv Bansal",
              "Environment": "prod",
              "ManagedBy": "Terraform",
              "Name": "dhruv-iac-project-messages",
              "Purpose": "KDU-2026"
            },
            "tags_all": {
              "CreatedBy": "Dhruv Bansal",
              "Environment": "prod",
              "ManagedBy": "Terraform",
              "Name": "dhruv-iac-project-messages",
              "Purpose": "KDU-2026"
            },
            "timeouts": null,
            "ttl": [
              {
                "attribute_name": "",
                "enabled": false
              }
            ],
            "write_capacity": 0
          },
          "sensitive_attributes": [],
          "identity_schema_version": 0,
          "private": "eyJlMmJmYjczMC1lY2FhLTExZTYtOGY4OC0zNDM2M2JjN2M0YzAiOnsiY3JlYXRlIjoxODAwMDAwMDAwMDAwLCJkZWxldGUiOjYwMDAwMDAwMDAwMCwidXBkYXRlIjozNjAwMDAwMDAwMDAwfSwic2NoZW1hX3ZlcnNpb24iOiIxIn0=",
          "create_before_destroy": true
        }
      ]
    },
    {
      "module": "module.website",
      "mode": "managed",
      "type": "aws_cloudfront_distribution",
      "name": "website",
      "provider": "provider[\"registry.terraform.io/hashicorp/aws\"]",
      "instances": [
        {
          "schema_version": 1,
          "attributes": {
            "aliases": [],
            "arn": "arn:aws:cloudfront::743298171118:distribution/E2BOXYFZMF1U73",
            "caller_reference": "terraform-20260223071347727600000001",
            "comment": null,
            "continuous_deployment_policy_id": "",
            "custom_error_response": [
              {
                "error_caching_min_ttl": 0,
                "error_code": 403,
                "response_code": 403,
                "response_page_path": "/error.html"
              },
              {
                "error_caching_min_ttl": 0,
                "error_code": 404,
                "response_code": 404,
                "response_page_path": "/error.html"
              }
            ],
            "default_cache_behavior": [
              {
                "allowed_methods": [
                  "GET",
                  "HEAD"
                ],
                "cache_policy_id": "",
                "cached_methods": [
                  "GET",
                  "HEAD"
                ],
                "compress": true,
                "default_ttl": 3600,
                "field_level_encryption_id": "",
                "forwarded_values": [
                  {
                    "cookies": [
                      {
                        "forward": "none",
                        "whitelisted_names": []
                      }
                    ],
                    "headers": [],
                    "query_string": false,
                    "query_string_cache_keys": []
                  }
                ],
                "function_association": [],
                "grpc_config": [
                  {
                    "enabled": false
                  }
                ],
                "lambda_function_association": [],
                "max_ttl": 86400,
                "min_ttl": 0,
                "origin_request_policy_id": "",
                "realtime_log_config_arn": "",
                "response_headers_policy_id": "",
                "smooth_streaming": false,
                "target_origin_id": "S3-dhruv-iac-project-website-c8c73a7f",
                "trusted_key_groups": [],
                "trusted_signers": [],
                "viewer_protocol_policy": "redirect-to-https"
              }
            ],
            "default_root_object": "index.html",
            "domain_name": "dqjdsddi57tuk.cloudfront.net",
            "enabled": true,
            "etag": "E23ZP02F085DFQ",
            "hosted_zone_id": "Z2FDTNDATAQYW2",
            "http_version": "http2",
            "id": "E2BOXYFZMF1U73",
            "in_progress_validation_batches": 0,
            "is_ipv6_enabled": true,
            "last_modified_time": "2026-02-23 07:13:52.886 +0000 UTC",
            "logging_config": [],
            "ordered_cache_behavior": [],
            "origin": [
              {
                "connection_attempts": 3,
                "connection_timeout": 10,
                "custom_header": [],
                "custom_origin_config": [],
                "domain_name": "dhruv-iac-project-website-c8c73a7f.s3.us-west-2.amazonaws.com",
                "origin_access_control_id": "E1L2ZQ7KK8MG9Y",
                "origin_id": "S3-dhruv-iac-project-website-c8c73a7f",
                "origin_path": "",
                "origin_shield": [],
                "s3_origin_config": [],
                "vpc_origin_config": []
              }
            ],
            "origin_group": [],
            "price_class": "PriceClass_All",
            "restrictions": [
              {
                "geo_restriction": [
                  {
                    "locations": [],
                    "restriction_type": "none"
                  }
                ]
              }
            ],
            "retain_on_delete": false,
            "staging": false,
            "status": "Deployed",
            "tags": {
              "CreatedBy": "Dhruv Bansal",
              "Environment": "prod",
              "ManagedBy": "Terraform",
              "Name": "dhruv-iac-project-distribution",
              "Purpose": "KDU-2026"
            },
            "tags_all": {
              "CreatedBy": "Dhruv Bansal",
              "Environment": "prod",
              "ManagedBy": "Terraform",
              "Name": "dhruv-iac-project-distribution",
              "Purpose": "KDU-2026"
            },
            "trusted_key_groups": [
              {
                "enabled": false,
                "items": []
              }
            ],
            "trusted_signers": [
              {
                "enabled": false,
                "items": []
              }
            ],
            "viewer_certificate": [
              {
                "acm_certificate_arn": "",
                "cloudfront_default_certificate": true,
                "iam_certificate_id": "",
                "minimum_protocol_version": "TLSv1",
                "ssl_support_method": ""
              }
            ],
            "wait_for_deployment": true,
            "web_acl_id": ""
          },
          "sensitive_attributes": [],
          "identity_schema_version": 0,
          "private": "eyJzY2hlbWFfdmVyc2lvbiI6IjEifQ==",
          "dependencies": [
            "module.website.aws_cloudfront_origin_access_control.website",
            "module.website.aws_s3_bucket.website",
            "module.website.random_id.suffix"
          ]
        }
      ]
    },
    {
      "module": "module.website",
      "mode": "managed",
      "type": "aws_cloudfront_origin_access_control",
      "name": "website",
      "provider": "provider[\"registry.terraform.io/hashicorp/aws\"]",
      "instances": [
        {
          "schema_version": 0,
          "attributes": {
            "arn": "arn:aws:cloudfront::743298171118:origin-access-control/E1L2ZQ7KK8MG9Y",
            "description": "Managed by Terraform",
            "etag": "ETVPDKIKX0DER",
            "id": "E1L2ZQ7KK8MG9Y",
            "name": "dhruv-iac-project-oac",
            "origin_access_control_origin_type": "s3",
            "signing_behavior": "always",
            "signing_protocol": "sigv4"
          },
          "sensitive_attributes": [],
          "identity_schema_version": 0,
          "private": "bnVsbA=="
        }
      ]
    },
    {
      "module": "module.website",
      "mode": "managed",
      "type": "aws_s3_bucket",
      "name": "website",
      "provider": "provider[\"registry.terraform.io/hashicorp/aws\"]",
      "instances": [
        {
          "schema_version": 0,
          "attributes": {
            "acceleration_status": "",
            "acl": null,
            "arn": "arn:aws:s3:::dhruv-iac-project-website-c8c73a7f",
            "bucket": "dhruv-iac-project-website-c8c73a7f",
            "bucket_domain_name": "dhruv-iac-project-website-c8c73a7f.s3.amazonaws.com",
            "bucket_prefix": "",
            "bucket_regional_domain_name": "dhruv-iac-project-website-c8c73a7f.s3.us-west-2.amazonaws.com",
            "cors_rule": [
              {
                "allowed_headers": [
                  "*"
                ],
                "allowed_methods": [
                  "GET"
                ],
                "allowed_origins": [
                  "*"
                ],
                "expose_headers": [],
                "max_age_seconds": 3000
              }
            ],
            "force_destroy": false,
            "grant": [
              {
                "id": "3626c1a5d34e23faaf7de013a6f181b6578cf59a3a884663d691fe9ff03a170a",
                "permissions": [
                  "FULL_CONTROL"
                ],
                "type": "CanonicalUser",
                "uri": ""
              }
            ],
            "hosted_zone_id": "Z3BJ6K6RIION7M",
            "id": "dhruv-iac-project-website-c8c73a7f",
            "lifecycle_rule": [],
            "logging": [],
            "object_lock_configuration": [],
            "object_lock_enabled": false,
            "policy": "{\"Statement\":[{\"Action\":\"s3:GetObject\",\"Condition\":{\"StringEquals\":{\"AWS:SourceArn\":\"arn:aws:cloudfront::743298171118:distribution/E2BOXYFZMF1U73\"}},\"Effect\":\"Allow\",\"Principal\":{\"Service\":\"cloudfront.amazonaws.com\"},\"Resource\":\"arn:aws:s3:::dhruv-iac-project-website-c8c73a7f/*\",\"Sid\":\"AllowCloudFrontServicePrincipal\"}],\"Version\":\"2012-10-17\"}",
            "region": "us-west-2",
            "replication_configuration": [],
            "request_payer": "BucketOwner",
            "server_side_encryption_configuration": [
              {
                "rule": [
                  {
                    "apply_server_side_encryption_by_default": [
                      {
                        "kms_master_key_id": "",
                        "sse_algorithm": "AES256"
                      }
                    ],
                    "bucket_key_enabled": false
                  }
                ]
              }
            ],
            "tags": {
              "CreatedBy": "Dhruv Bansal",
              "Environment": "prod",
              "ManagedBy": "Terraform",
              "Name": "dhruv-iac-project-website",
              "Purpose": "KDU-2026"
            },
            "tags_all": {
              "CreatedBy": "Dhruv Bansal",
              "Environment": "prod",
              "ManagedBy": "Terraform",
              "Name": "dhruv-iac-project-website",
              "Purpose": "KDU-2026"
            },
            "timeouts": null,
            "versioning": [
              {
                "enabled": true,
                "mfa_delete": false
              }
            ],
            "website": [],
            "website_domain": null,
            "website_endpoint": null
          },
          "sensitive_attributes": [],
          "identity_schema_version": 0,
          "private": "eyJlMmJmYjczMC1lY2FhLTExZTYtOGY4OC0zNDM2M2JjN2M0YzAiOnsiY3JlYXRlIjoxMjAwMDAwMDAwMDAwLCJkZWxldGUiOjM2MDAwMDAwMDAwMDAsInJlYWQiOjEyMDAwMDAwMDAwMDAsInVwZGF0ZSI6MTIwMDAwMDAwMDAwMH19",
          "dependencies": [
            "module.website.random_id.suffix"
          ]
        }
      ]
    },
    {
      "module": "module.website",
      "mode": "managed",
      "type": "aws_s3_bucket_cors_configuration",
      "name": "website",
      "provider": "provider[\"registry.terraform.io/hashicorp/aws\"]",
      "instances": [
        {
          "schema_version": 0,
          "attributes": {
            "bucket": "dhruv-iac-project-website-c8c73a7f",
            "cors_rule": [
              {
                "allowed_headers": [
                  "*"
                ],
                "allowed_methods": [
                  "GET"
                ],
                "allowed_origins": [
                  "*"
                ],
                "expose_headers": [],
                "id": "",
                "max_age_seconds": 3000
              }
            ],
            "expected_bucket_owner": "",
            "id": "dhruv-iac-project-website-c8c73a7f"
          },
          "sensitive_attributes": [],
          "identity_schema_version": 0,
          "private": "bnVsbA==",
          "dependencies": [
            "module.website.aws_s3_bucket.website",
            "module.website.random_id.suffix"
          ]
        }
      ]
    },
    {
      "module": "module.website",
      "mode": "managed",
      "type": "aws_s3_bucket_policy",
      "name": "website",
      "provider": "provider[\"registry.terraform.io/hashicorp/aws\"]",
      "instances": [
        {
          "schema_version": 0,
          "attributes": {
            "bucket": "dhruv-iac-project-website-c8c73a7f",
            "id": "dhruv-iac-project-website-c8c73a7f",
            "policy": "{\"Statement\":[{\"Action\":\"s3:GetObject\",\"Condition\":{\"StringEquals\":{\"AWS:SourceArn\":\"arn:aws:cloudfront::743298171118:distribution/E2BOXYFZMF1U73\"}},\"Effect\":\"Allow\",\"Principal\":{\"Service\":\"cloudfront.amazonaws.com\"},\"Resource\":\"arn:aws:s3:::dhruv-iac-project-website-c8c73a7f/*\",\"Sid\":\"AllowCloudFrontServicePrincipal\"}],\"Version\":\"2012-10-17\"}"
          },
          "sensitive_attributes": [],
          "identity_schema_version": 0,
          "private": "bnVsbA==",
          "dependencies": [
            "module.website.aws_cloudfront_distribution.website",
            "module.website.aws_cloudfront_origin_access_control.website",
            "module.website.aws_s3_bucket.website",
            "module.website.aws_s3_bucket_public_access_block.website",
            "module.website.random_id.suffix"
          ]
        }
      ]
    },
    {
      "module": "module.website",
      "mode": "managed",
      "type": "aws_s3_bucket_public_access_block",
      "name": "website",
      "provider": "provider[\"registry.terraform.io/hashicorp/aws\"]",
      "instances": [
        {
          "schema_version": 0,
          "attributes": {
            "block_public_acls": true,
            "block_public_policy": true,
            "bucket": "dhruv-iac-project-website-c8c73a7f",
            "id": "dhruv-iac-project-website-c8c73a7f",
            "ignore_public_acls": true,
            "restrict_public_buckets": true
          },
          "sensitive_attributes": [],
          "identity_schema_version": 0,
          "private": "bnVsbA==",
          "dependencies": [
            "module.website.aws_s3_bucket.website",
            "module.website.random_id.suffix"
          ]
        }
      ]
    },
    {
      "module": "module.website",
      "mode": "managed",
      "type": "aws_s3_bucket_server_side_encryption_configuration",
      "name": "website",
      "provider": "provider[\"registry.terraform.io/hashicorp/aws\"]",
      "instances": [
        {
          "schema_version": 0,
          "attributes": {
            "bucket": "dhruv-iac-project-website-c8c73a7f",
            "expected_bucket_owner": "",
            "id": "dhruv-iac-project-website-c8c73a7f",
            "rule": [
              {
                "apply_server_side_encryption_by_default": [
                  {
                    "kms_master_key_id": "",
                    "sse_algorithm": "AES256"
                  }
                ],
                "bucket_key_enabled": false
              }
            ]
          },
          "sensitive_attributes": [],
          "identity_schema_version": 0,
          "private": "bnVsbA==",
          "dependencies": [
            "module.website.aws_s3_bucket.website",
            "module.website.random_id.suffix"
          ]
        }
      ]
    },
    {
      "module": "module.website",
      "mode": "managed",
      "type": "aws_s3_bucket_versioning",
      "name": "website",
      "provider": "provider[\"registry.terraform.io/hashicorp/aws\"]",
      "instances": [
        {
          "schema_version": 0,
          "attributes": {
            "bucket": "dhruv-iac-project-website-c8c73a7f",
            "expected_bucket_owner": "",
            "id": "dhruv-iac-project-website-c8c73a7f",
            "mfa": null,
            "versioning_configuration": [
              {
                "mfa_delete": "",
                "status": "Enabled"
              }
            ]
          },
          "sensitive_attributes": [],
          "identity_schema_version": 0,
          "private": "bnVsbA==",
          "dependencies": [
            "module.website.aws_s3_bucket.website",
            "module.website.random_id.suffix"
          ]
        }
      ]
    },
    {
      "module": "module.website",
      "mode": "managed",
      "type": "aws_s3_object",
      "name": "config_js",
      "provider": "provider[\"registry.terraform.io/hashicorp/aws\"]",
      "instances": [
        {
          "schema_version": 0,
          "attributes": {
            "acl": null,
            "arn": "arn:aws:s3:::dhruv-iac-project-website-c8c73a7f/js/config.js",
            "bucket": "dhruv-iac-project-website-c8c73a7f",
            "bucket_key_enabled": false,
            "cache_control": "",
            "checksum_algorithm": null,
            "checksum_crc32": "",
            "checksum_crc32c": "",
            "checksum_crc64nvme": "",
            "checksum_sha1": "",
            "checksum_sha256": "",
            "content": "var API_ENDPOINT = \"%%API_ENDPOINT%%\";",
            "content_base64": null,
            "content_disposition": "",
            "content_encoding": "",
            "content_language": "",
            "content_type": "application/javascript",
            "etag": "8ae6c9a1c1f025547bc8611c2bf14df2",
            "force_destroy": false,
            "id": "js/config.js",
            "key": "js/config.js",
            "kms_key_id": null,
            "metadata": {},
            "object_lock_legal_hold_status": "",
            "object_lock_mode": "",
            "object_lock_retain_until_date": "",
            "override_provider": [],
            "server_side_encryption": "AES256",
            "source": null,
            "source_hash": null,
            "storage_class": "STANDARD",
            "tags": {},
            "tags_all": {},
            "version_id": "ZufmkSq0a0rMumKAQkw8z6dXQUt5bj67",
            "website_redirect": ""
          },
          "sensitive_attributes": [],
          "identity_schema_version": 0,
          "private": "bnVsbA==",
          "dependencies": [
            "module.api.aws_api_gateway_deployment.messages_deployment",
            "module.api.aws_api_gateway_integration.get_lambda",
            "module.api.aws_api_gateway_integration.options_mock",
            "module.api.aws_api_gateway_integration.post_lambda",
            "module.api.aws_api_gateway_method.get_messages",
            "module.api.aws_api_gateway_method.options_messages",
            "module.api.aws_api_gateway_method.post_message",
            "module.api.aws_api_gateway_resource.messages",
            "module.api.aws_api_gateway_rest_api.messages_api",
            "module.api.aws_api_gateway_stage.prod",
            "module.api.aws_iam_role.lambda_role",
            "module.api.aws_lambda_function.get_message",
            "module.api.aws_lambda_function.post_message",
            "module.api.data.archive_file.get_message_zip",
            "module.api.data.archive_file.post_message_zip",
            "module.database.aws_dynamodb_table.messages",
            "module.website.aws_s3_bucket.website",
            "module.website.random_id.suffix"
          ]
        }
      ]
    },
    {
      "module": "module.website",
      "mode": "managed",
      "type": "aws_s3_object",
      "name": "website_files",
      "provider": "provider[\"registry.terraform.io/hashicorp/aws\"]",
      "instances": [
        {
          "index_key": "css/style.css",
          "schema_version": 0,
          "attributes": {
            "acl": null,
            "arn": "arn:aws:s3:::dhruv-iac-project-website-c8c73a7f/css/style.css",
            "bucket": "dhruv-iac-project-website-c8c73a7f",
            "bucket_key_enabled": false,
            "cache_control": "",
            "checksum_algorithm": null,
            "checksum_crc32": "",
            "checksum_crc32c": "",
            "checksum_crc64nvme": "",
            "checksum_sha1": "",
            "checksum_sha256": "",
            "content": null,
            "content_base64": null,
            "content_disposition": "",
            "content_encoding": "",
            "content_language": "",
            "content_type": "text/css",
            "etag": "393760ee706b0e8a31f87ccc9502571f",
            "force_destroy": false,
            "id": "css/style.css",
            "key": "css/style.css",
            "kms_key_id": null,
            "metadata": {},
            "object_lock_legal_hold_status": "",
            "object_lock_mode": "",
            "object_lock_retain_until_date": "",
            "override_provider": [],
            "server_side_encryption": "AES256",
            "source": "./website/css/style.css",
            "source_hash": null,
            "storage_class": "STANDARD",
            "tags": {},
            "tags_all": {},
            "version_id": "FKG70Rm3Ods0kllIrUODz8I8vfO6qCBc",
            "website_redirect": ""
          },
          "sensitive_attributes": [],
          "identity_schema_version": 0,
          "private": "bnVsbA==",
          "dependencies": [
            "module.website.aws_s3_bucket.website",
            "module.website.random_id.suffix"
          ]
        },
        {
          "index_key": "error.html",
          "schema_version": 0,
          "attributes": {
            "acl": null,
            "arn": "arn:aws:s3:::dhruv-iac-project-website-c8c73a7f/error.html",
            "bucket": "dhruv-iac-project-website-c8c73a7f",
            "bucket_key_enabled": false,
            "cache_control": "",
            "checksum_algorithm": null,
            "checksum_crc32": "",
            "checksum_crc32c": "",
            "checksum_crc64nvme": "",
            "checksum_sha1": "",
            "checksum_sha256": "",
            "content": null,
            "content_base64": null,
            "content_disposition": "",
            "content_encoding": "",
            "content_language": "",
            "content_type": "text/html",
            "etag": "74e9002bf0ed8c058d0770630676a865",
            "force_destroy": false,
            "id": "error.html",
            "key": "error.html",
            "kms_key_id": null,
            "metadata": {},
            "object_lock_legal_hold_status": "",
            "object_lock_mode": "",
            "object_lock_retain_until_date": "",
            "override_provider": [],
            "server_side_encryption": "AES256",
            "source": "./website/error.html",
            "source_hash": null,
            "storage_class": "STANDARD",
            "tags": {},
            "tags_all": {},
            "version_id": "_XUwShG.x9McDZ3wnUVrpXJPckLrIDGu",
            "website_redirect": ""
          },
          "sensitive_attributes": [],
          "identity_schema_version": 0,
          "private": "bnVsbA==",
          "dependencies": [
            "module.website.aws_s3_bucket.website",
            "module.website.random_id.suffix"
          ]
        },
        {
          "index_key": "index.html",
          "schema_version": 0,
          "attributes": {
            "acl": null,
            "arn": "arn:aws:s3:::dhruv-iac-project-website-c8c73a7f/index.html",
            "bucket": "dhruv-iac-project-website-c8c73a7f",
            "bucket_key_enabled": false,
            "cache_control": "",
            "checksum_algorithm": null,
            "checksum_crc32": "",
            "checksum_crc32c": "",
            "checksum_crc64nvme": "",
            "checksum_sha1": "",
            "checksum_sha256": "",
            "content": null,
            "content_base64": null,
            "content_disposition": "",
            "content_encoding": "",
            "content_language": "",
            "content_type": "text/html",
            "etag": "029e5378113d11f807b6c6d4e8e6aac6",
            "force_destroy": false,
            "id": "index.html",
            "key": "index.html",
            "kms_key_id": null,
            "metadata": {},
            "object_lock_legal_hold_status": "",
            "object_lock_mode": "",
            "object_lock_retain_until_date": "",
            "override_provider": [],
            "server_side_encryption": "AES256",
            "source": "./website/index.html",
            "source_hash": null,
            "storage_class": "STANDARD",
            "tags": {},
            "tags_all": {},
            "version_id": "zkCj9HaC3NCZg7b8tZ8SVMzGe4DaA35G",
            "website_redirect": ""
          },
          "sensitive_attributes": [],
          "identity_schema_version": 0,
          "private": "bnVsbA==",
          "dependencies": [
            "module.website.aws_s3_bucket.website",
            "module.website.random_id.suffix"
          ]
        },
        {
          "index_key": "js/app.js",
          "schema_version": 0,
          "attributes": {
            "acl": null,
            "arn": "arn:aws:s3:::dhruv-iac-project-website-c8c73a7f/js/app.js",
            "bucket": "dhruv-iac-project-website-c8c73a7f",
            "bucket_key_enabled": false,
            "cache_control": "",
            "checksum_algorithm": null,
            "checksum_crc32": "",
            "checksum_crc32c": "",
            "checksum_crc64nvme": "",
            "checksum_sha1": "",
            "checksum_sha256": "",
            "content": null,
            "content_base64": null,
            "content_disposition": "",
            "content_encoding": "",
            "content_language": "",
            "content_type": "application/javascript",
            "etag": "91c0aa52990394199b92f058c2fe4a78",
            "force_destroy": false,
            "id": "js/app.js",
            "key": "js/app.js",
            "kms_key_id": null,
            "metadata": {},
            "object_lock_legal_hold_status": "",
            "object_lock_mode": "",
            "object_lock_retain_until_date": "",
            "override_provider": [],
            "server_side_encryption": "AES256",
            "source": "./website/js/app.js",
            "source_hash": null,
            "storage_class": "STANDARD",
            "tags": {},
            "tags_all": {},
            "version_id": "NVRek9vI4B8rG5h0YJ2C5nllNRqFbXwm",
            "website_redirect": ""
          },
          "sensitive_attributes": [],
          "identity_schema_version": 0,
          "private": "bnVsbA==",
          "dependencies": [
            "module.website.aws_s3_bucket.website",
            "module.website.random_id.suffix"
          ]
        }
      ]
    },
    {
      "module": "module.website",
      "mode": "managed",
      "type": "random_id",
      "name": "suffix",
      "provider": "provider[\"registry.terraform.io/hashicorp/random\"]",
      "instances": [
        {
          "schema_version": 0,
          "attributes": {
            "b64_std": "yMc6fw==",
            "b64_url": "yMc6fw",
            "byte_length": 4,
            "dec": "3368499839",
            "hex": "c8c73a7f",
            "id": "yMc6fw",
            "keepers": null,
            "prefix": null
          },
          "sensitive_attributes": [],
          "identity_schema_version": 0
        }
      ]
    }
  ],
  "check_results": null
}
